dependencies:
  espressif/led_strip:
    component_hash: ed1d5c6113fa545e20c7be17e6e7c09d43b18fcb43068e2b2b27a412de6a405a
    source:
      service_url: https://api.components.espressif.com/
      type: service
    version: 2.5.2
  idf:
    component_hash: null
    source:
      type: idf
    version: 5.3.0
  nimble_central_utils:
    component_hash: null
    source:
      path: /Users/gavo/Projects/VYVOJ/arduino/btbm-tally/esp-idf/examples/bluetooth/nimble/common/nimble_central_utils
      type: local
    version: '*'
manifest_hash: 69939582ff2a717f7d89671f73487c40faf36b73366e44c3696476bfdf54fa36
target: esp32s3
version: 1.0.0
